
Microsoft Visual Studio Solution File, Format Version 12.00
# Visual Studio 15
VisualStudioVersion = 15.0.28307.136
MinimumVisualStudioVersion = 10.0.40219.1
Project("{FAE04EC0-301F-11D3-BF4B-00C04F79EFBC}") = "lab3", "lab3\lab3.csproj", "{021A62B5-3FD1-40F3-A481-31E77CF76A9B}"
EndProject
Global
	GlobalSection(SolutionConfigurationPlatforms) = preSolution
		Debug|Any CPU = Debug|Any CPU
		Release|Any CPU = Release|Any CPU
	EndGlobalSection
	GlobalSection(ProjectConfigurationPlatforms) = postSolution
		{021A62B5-3FD1-40F3-A481-31E77CF76A9B}.Debug|Any CPU.ActiveCfg = Debug|Any CPU
		{021A62B5-3FD1-40F3-A481-31E77CF76A9B}.Debug|Any CPU.Build.0 = Debug|Any CPU
		{021A62B5-3FD1-40F3-A481-31E77CF76A9B}.Release|Any CPU.ActiveCfg = Release|Any CPU
		{021A62B5-3FD1-40F3-A481-31E77CF76A9B}.Release|Any CPU.Build.0 = Release|Any CPU
	EndGlobalSection
	GlobalSection(SolutionProperties) = preSolution
		HideSolutionNode = FALSE
	EndGlobalSection
	GlobalSection(ExtensibilityGlobals) = postSolution
		SolutionGuid = {905EEB48-3444-44C1-96CE-E668E8F105F1}
	EndGlobalSection
EndGlobal
